
Microsoft Visual Studio Solution File, Format Version 12.00
# Visual Studio Version 16
VisualStudioVersion = 16.0.31515.178
MinimumVisualStudioVersion = 10.0.40219.1
Project("{F184B08F-C81C-45F6-A57F-5ABD9991F28F}") = "AgSTG", "AgSTG\AgSTG.vbproj", "{CA46DBEA-964F-4E6E-B9C3-81D740A6F2C6}"
EndProject
Project("{F184B08F-C81C-45F6-A57F-5ABD9991F28F}") = "ResourcePack", "ResourcePack\ResourcePack.vbproj", "{BAB61E2E-B6A9-4A20-A04C-A1D4F2D73D3A}"
EndProject
Project("{F184B08F-C81C-45F6-A57F-5ABD9991F28F}") = "ModelViewer3D", "ModelViewer3D\ModelViewer3D.vbproj", "{AD410760-1E73-4F7A-833C-B8434C2A8C80}"
EndProject
Project("{F184B08F-C81C-45F6-A57F-5ABD9991F28F}") = "ResourcePack.TH17", "ResourcePack.TH17\ResourcePack.TH17.vbproj", "{1BC3798F-D47C-4FCC-A0E4-0766EF9EF5C5}"
EndProject
Project("{F184B08F-C81C-45F6-A57F-5ABD9991F28F}") = "Stage6", "Stage6\Stage6.vbproj", "{1F52907A-0BBA-4F5F-A550-C8552A952DB8}"
EndProject
Project("{F184B08F-C81C-45F6-A57F-5ABD9991F28F}") = "TH17", "TH17\TH17.vbproj", "{3D39056C-6632-43EA-922A-A23074972AC0}"
EndProject
Global
	GlobalSection(SolutionConfigurationPlatforms) = preSolution
		Debug|Any CPU = Debug|Any CPU
		Release|Any CPU = Release|Any CPU
	EndGlobalSection
	GlobalSection(ProjectConfigurationPlatforms) = postSolution
		{CA46DBEA-964F-4E6E-B9C3-81D740A6F2C6}.Debug|Any CPU.ActiveCfg = Debug|Any CPU
		{CA46DBEA-964F-4E6E-B9C3-81D740A6F2C6}.Debug|Any CPU.Build.0 = Debug|Any CPU
		{CA46DBEA-964F-4E6E-B9C3-81D740A6F2C6}.Release|Any CPU.ActiveCfg = Release|Any CPU
		{CA46DBEA-964F-4E6E-B9C3-81D740A6F2C6}.Release|Any CPU.Build.0 = Release|Any CPU
		{BAB61E2E-B6A9-4A20-A04C-A1D4F2D73D3A}.Debug|Any CPU.ActiveCfg = Debug|Any CPU
		{BAB61E2E-B6A9-4A20-A04C-A1D4F2D73D3A}.Debug|Any CPU.Build.0 = Debug|Any CPU
		{BAB61E2E-B6A9-4A20-A04C-A1D4F2D73D3A}.Release|Any CPU.ActiveCfg = Release|Any CPU
		{BAB61E2E-B6A9-4A20-A04C-A1D4F2D73D3A}.Release|Any CPU.Build.0 = Release|Any CPU
		{AD410760-1E73-4F7A-833C-B8434C2A8C80}.Debug|Any CPU.ActiveCfg = Debug|Any CPU
		{AD410760-1E73-4F7A-833C-B8434C2A8C80}.Debug|Any CPU.Build.0 = Debug|Any CPU
		{AD410760-1E73-4F7A-833C-B8434C2A8C80}.Release|Any CPU.ActiveCfg = Release|Any CPU
		{AD410760-1E73-4F7A-833C-B8434C2A8C80}.Release|Any CPU.Build.0 = Release|Any CPU
		{1BC3798F-D47C-4FCC-A0E4-0766EF9EF5C5}.Debug|Any CPU.ActiveCfg = Debug|Any CPU
		{1BC3798F-D47C-4FCC-A0E4-0766EF9EF5C5}.Debug|Any CPU.Build.0 = Debug|Any CPU
		{1BC3798F-D47C-4FCC-A0E4-0766EF9EF5C5}.Release|Any CPU.ActiveCfg = Release|Any CPU
		{1BC3798F-D47C-4FCC-A0E4-0766EF9EF5C5}.Release|Any CPU.Build.0 = Release|Any CPU
		{1F52907A-0BBA-4F5F-A550-C8552A952DB8}.Debug|Any CPU.ActiveCfg = Debug|Any CPU
		{1F52907A-0BBA-4F5F-A550-C8552A952DB8}.Debug|Any CPU.Build.0 = Debug|Any CPU
		{1F52907A-0BBA-4F5F-A550-C8552A952DB8}.Release|Any CPU.ActiveCfg = Release|Any CPU
		{1F52907A-0BBA-4F5F-A550-C8552A952DB8}.Release|Any CPU.Build.0 = Release|Any CPU
		{3D39056C-6632-43EA-922A-A23074972AC0}.Debug|Any CPU.ActiveCfg = Debug|Any CPU
		{3D39056C-6632-43EA-922A-A23074972AC0}.Debug|Any CPU.Build.0 = Debug|Any CPU
		{3D39056C-6632-43EA-922A-A23074972AC0}.Release|Any CPU.ActiveCfg = Release|Any CPU
		{3D39056C-6632-43EA-922A-A23074972AC0}.Release|Any CPU.Build.0 = Release|Any CPU
	EndGlobalSection
	GlobalSection(SolutionProperties) = preSolution
		HideSolutionNode = FALSE
	EndGlobalSection
	GlobalSection(ExtensibilityGlobals) = postSolution
		SolutionGuid = {A202C018-1F85-4EB1-A543-EFC4D73B14C4}
	EndGlobalSection
EndGlobal
